
Microsoft Visual Studio Solution File, Format Version 12.00
# Visual Studio 15
VisualStudioVersion = 15.0.28307.168
MinimumVisualStudioVersion = 10.0.40219.1
Project("{9A19103F-16F7-4668-BE54-9A1E7A4F7556}") = "Halforbit.ApiClient", "Halforbit.ApiClient\Halforbit.ApiClient.csproj", "{9C88ACA4-5227-4010-BBC2-9F38FFE56AFD}"
EndProject
Project("{9A19103F-16F7-4668-BE54-9A1E7A4F7556}") = "Halforbit.ApiClient.Tests", "Halforbit.ApiClient.Tests\Halforbit.ApiClient.Tests.csproj", "{614A31F7-3D4D-49F7-8874-4FD51E298ACE}"
EndProject
Global
	GlobalSection(SolutionConfigurationPlatforms) = preSolution
		Debug|Any CPU = Debug|Any CPU
		Release|Any CPU = Release|Any CPU
	EndGlobalSection
	GlobalSection(ProjectConfigurationPlatforms) = postSolution
		{9C88ACA4-5227-4010-BBC2-9F38FFE56AFD}.Debug|Any CPU.ActiveCfg = Debug|Any CPU
		{9C88ACA4-5227-4010-BBC2-9F38FFE56AFD}.Debug|Any CPU.Build.0 = Debug|Any CPU
		{9C88ACA4-5227-4010-BBC2-9F38FFE56AFD}.Release|Any CPU.ActiveCfg = Release|Any CPU
		{9C88ACA4-5227-4010-BBC2-9F38FFE56AFD}.Release|Any CPU.Build.0 = Release|Any CPU
		{614A31F7-3D4D-49F7-8874-4FD51E298ACE}.Debug|Any CPU.ActiveCfg = Debug|Any CPU
		{614A31F7-3D4D-49F7-8874-4FD51E298ACE}.Debug|Any CPU.Build.0 = Debug|Any CPU
		{614A31F7-3D4D-49F7-8874-4FD51E298ACE}.Release|Any CPU.ActiveCfg = Release|Any CPU
		{614A31F7-3D4D-49F7-8874-4FD51E298ACE}.Release|Any CPU.Build.0 = Release|Any CPU
	EndGlobalSection
	GlobalSection(SolutionProperties) = preSolution
		HideSolutionNode = FALSE
	EndGlobalSection
	GlobalSection(ExtensibilityGlobals) = postSolution
		SolutionGuid = {3F16D852-6185-4CFE-B2CB-E2B985E0F430}
	EndGlobalSection
EndGlobal
